
Microsoft Visual Studio Solution File, Format Version 12.00
# Visual Studio Version 17
VisualStudioVersion = 17.13.35931.197 d17.13
MinimumVisualStudioVersion = 10.0.40219.1
Project("{FAE04EC0-301F-11D3-BF4B-00C04F79EFBC}") = "ProjectPRN222", "ProjectPRN222\ProjectPRN222.csproj", "{ACC524D6-B117-4430-A7AE-6857AD0A6C7B}"
EndProject
Global
	GlobalSection(SolutionConfigurationPlatforms) = preSolution
		Debug|Any CPU = Debug|Any CPU
		Release|Any CPU = Release|Any CPU
	EndGlobalSection
	GlobalSection(ProjectConfigurationPlatforms) = postSolution
		{ACC524D6-B117-4430-A7AE-6857AD0A6C7B}.Debug|Any CPU.ActiveCfg = Debug|Any CPU
		{ACC524D6-B117-4430-A7AE-6857AD0A6C7B}.Debug|Any CPU.Build.0 = Debug|Any CPU
		{ACC524D6-B117-4430-A7AE-6857AD0A6C7B}.Release|Any CPU.ActiveCfg = Release|Any CPU
		{ACC524D6-B117-4430-A7AE-6857AD0A6C7B}.Release|Any CPU.Build.0 = Release|Any CPU
	EndGlobalSection
	GlobalSection(SolutionProperties) = preSolution
		HideSolutionNode = FALSE
	EndGlobalSection
	GlobalSection(ExtensibilityGlobals) = postSolution
		SolutionGuid = {ED92537B-92AB-43C1-9198-544A6D48599C}
	EndGlobalSection
EndGlobal
